
Microsoft Visual Studio Solution File, Format Version 12.00
# Visual Studio Version 17
VisualStudioVersion = 17.1.32328.378
MinimumVisualStudioVersion = 10.0.40219.1
Project("{FAE04EC0-301F-11D3-BF4B-00C04F79EFBC}") = "ConsoleApp1", "ConsoleApp1\ConsoleApp1.csproj", "{8E431722-7336-450E-8C36-4C6ACEB3C9CA}"
EndProject
Global
	GlobalSection(SolutionConfigurationPlatforms) = preSolution
		Debug|Any CPU = Debug|Any CPU
		Release|Any CPU = Release|Any CPU
	EndGlobalSection
	GlobalSection(ProjectConfigurationPlatforms) = postSolution
		{8E431722-7336-450E-8C36-4C6ACEB3C9CA}.Debug|Any CPU.ActiveCfg = Debug|Any CPU
		{8E431722-7336-450E-8C36-4C6ACEB3C9CA}.Debug|Any CPU.Build.0 = Debug|Any CPU
		{8E431722-7336-450E-8C36-4C6ACEB3C9CA}.Release|Any CPU.ActiveCfg = Release|Any CPU
		{8E431722-7336-450E-8C36-4C6ACEB3C9CA}.Release|Any CPU.Build.0 = Release|Any CPU
	EndGlobalSection
	GlobalSection(SolutionProperties) = preSolution
		HideSolutionNode = FALSE
	EndGlobalSection
	GlobalSection(ExtensibilityGlobals) = postSolution
		SolutionGuid = {18768B6E-AE9F-45D6-AE4F-C32B11093159}
	EndGlobalSection
EndGlobal
